<Solution>
  <Folder Name="/samples/">
    <Project Path="samples/SampleApp/SampleApp.csproj" />
  </Folder>
  <Folder Name="/src/">
    <Project Path="src/Nxt.Cli/Nxt.Cli.csproj" />
    <Project Path="src/Nxt.Generators/Nxt.Generators.csproj" />
    <Project Path="src/Nxt.Runtime/Nxt.Runtime.csproj" />
    <Project Path="src/Nxt.Templates/Nxt.Templates.csproj" />
  </Folder>
  <Folder Name="/tools/">
    <Project Path="tools/Nxt.DevWatcher/Nxt.DevWatcher.csproj" />
  </Folder>
</Solution>
